// !$*UTF8*$!
{
	archiveVersion = 1;
	classes = {
	};
	objectVersion = 56;
	objects = {

/* Begin PBXBuildFile section */
		0D58BE2B2BF8E40D008FE0BD /* NicknameViewController.swift in Sources */ = {isa = PBXBuildFile; fileRef = 0D58BE2A2BF8E40D008FE0BD /* NicknameViewController.swift */; };
		0D58BE2D2BF8EC23008FE0BD /* NumOfFriendsViewController.swift in Sources */ = {isa = PBXBuildFile; fileRef = 0D58BE2C2BF8EC23008FE0BD /* NumOfFriendsViewController.swift */; };
		36879A042BF8FDB100CDF610 /* CreateQuizViewController.swift in Sources */ = {isa = PBXBuildFile; fileRef = 36879A032BF8FDB100CDF610 /* CreateQuizViewController.swift */; };
		36879A072BF8FE2600CDF610 /* CustomPageIndexView.swift in Sources */ = {isa = PBXBuildFile; fileRef = 36879A062BF8FE2600CDF610 /* CustomPageIndexView.swift */; };
		36879A0A2BF8FEBE00CDF610 /* CustomPageIndexItem.swift in Sources */ = {isa = PBXBuildFile; fileRef = 36879A092BF8FEBE00CDF610 /* CustomPageIndexItem.swift */; };
		36879A0C2BF9004B00CDF610 /* CreateQuizView.swift in Sources */ = {isa = PBXBuildFile; fileRef = 36879A0B2BF9004B00CDF610 /* CreateQuizView.swift */; };
		36879A0E2BF9009B00CDF610 /* QuizNavigationView.swift in Sources */ = {isa = PBXBuildFile; fileRef = 36879A0D2BF9009B00CDF610 /* QuizNavigationView.swift */; };
		36879A102BF900F200CDF610 /* QuizeNavigationProtocol.swift in Sources */ = {isa = PBXBuildFile; fileRef = 36879A0F2BF900F200CDF610 /* QuizeNavigationProtocol.swift */; };
		36879A132BF903AE00CDF610 /* CreateQuizCollectionViewCell.swift in Sources */ = {isa = PBXBuildFile; fileRef = 36879A122BF903AE00CDF610 /* CreateQuizCollectionViewCell.swift */; };
		36879A172BF904F400CDF610 /* InputAnswerView.swift in Sources */ = {isa = PBXBuildFile; fileRef = 36879A162BF904F400CDF610 /* InputAnswerView.swift */; };
		36879A1A2BF907DD00CDF610 /* CreateQuizViewDataModel.swift in Sources */ = {isa = PBXBuildFile; fileRef = 36879A192BF907DD00CDF610 /* CreateQuizViewDataModel.swift */; };
		36879A1C2BF9095300CDF610 /* InputQuestionView.swift in Sources */ = {isa = PBXBuildFile; fileRef = 36879A1B2BF9095300CDF610 /* InputQuestionView.swift */; };
		36879A1E2BF918D100CDF610 /* PaddingLabel.swift in Sources */ = {isa = PBXBuildFile; fileRef = 36879A1D2BF918D100CDF610 /* PaddingLabel.swift */; };
		712DF5652BF5160A00F0BCCB /* AppDelegate.swift in Sources */ = {isa = PBXBuildFile; fileRef = 712DF5642BF5160A00F0BCCB /* AppDelegate.swift */; };
		712DF5672BF5160A00F0BCCB /* SceneDelegate.swift in Sources */ = {isa = PBXBuildFile; fileRef = 712DF5662BF5160A00F0BCCB /* SceneDelegate.swift */; };
		712DF5692BF5160A00F0BCCB /* ViewController.swift in Sources */ = {isa = PBXBuildFile; fileRef = 712DF5682BF5160A00F0BCCB /* ViewController.swift */; };
		712DF56E2BF5160B00F0BCCB /* Assets.xcassets in Resources */ = {isa = PBXBuildFile; fileRef = 712DF56D2BF5160B00F0BCCB /* Assets.xcassets */; };
		712DF5712BF5160B00F0BCCB /* LaunchScreen.storyboard in Resources */ = {isa = PBXBuildFile; fileRef = 712DF56F2BF5160B00F0BCCB /* LaunchScreen.storyboard */; };
		712DF5892BF51E5800F0BCCB /* Pretendard-SemiBold.otf in Resources */ = {isa = PBXBuildFile; fileRef = 712DF5832BF51E5800F0BCCB /* Pretendard-SemiBold.otf */; };
		712DF58A2BF51E5800F0BCCB /* Pretendard-Light.otf in Resources */ = {isa = PBXBuildFile; fileRef = 712DF5842BF51E5800F0BCCB /* Pretendard-Light.otf */; };
		712DF58B2BF51E5800F0BCCB /* Pretendard-Bold.otf in Resources */ = {isa = PBXBuildFile; fileRef = 712DF5852BF51E5800F0BCCB /* Pretendard-Bold.otf */; };
		712DF58C2BF51E5800F0BCCB /* Pretendard-ExtraBold.otf in Resources */ = {isa = PBXBuildFile; fileRef = 712DF5862BF51E5800F0BCCB /* Pretendard-ExtraBold.otf */; };
		712DF58D2BF51E5800F0BCCB /* Pretendard-Regular.otf in Resources */ = {isa = PBXBuildFile; fileRef = 712DF5872BF51E5800F0BCCB /* Pretendard-Regular.otf */; };
		712DF58E2BF51E5800F0BCCB /* Pretendard-Medium.otf in Resources */ = {isa = PBXBuildFile; fileRef = 712DF5882BF51E5800F0BCCB /* Pretendard-Medium.otf */; };
		712DF5912BF5225200F0BCCB /* FontLiterals.swift in Sources */ = {isa = PBXBuildFile; fileRef = 712DF5902BF5225200F0BCCB /* FontLiterals.swift */; };
		7195ACD12BF8CFE500CD4579 /* SnapKit in Frameworks */ = {isa = PBXBuildFile; productRef = 7195ACD02BF8CFE500CD4579 /* SnapKit */; };
		7195ACD72BF8D0FC00CD4579 /* Sopkathon-iOS-Extension in Frameworks */ = {isa = PBXBuildFile; productRef = 7195ACD62BF8D0FC00CD4579 /* Sopkathon-iOS-Extension */; };
		7195ACDA2BF8D1BB00CD4579 /* Then in Frameworks */ = {isa = PBXBuildFile; productRef = 7195ACD92BF8D1BB00CD4579 /* Then */; };
		7195ACDD2BF8D1DA00CD4579 /* CombineMoya in Frameworks */ = {isa = PBXBuildFile; productRef = 7195ACDC2BF8D1DA00CD4579 /* CombineMoya */; };
		7195ACDF2BF8D1DA00CD4579 /* Moya in Frameworks */ = {isa = PBXBuildFile; productRef = 7195ACDE2BF8D1DA00CD4579 /* Moya */; };
		7195ACE12BF8D1DA00CD4579 /* ReactiveMoya in Frameworks */ = {isa = PBXBuildFile; productRef = 7195ACE02BF8D1DA00CD4579 /* ReactiveMoya */; };
		7195ACE32BF8D1DA00CD4579 /* RxMoya in Frameworks */ = {isa = PBXBuildFile; productRef = 7195ACE22BF8D1DA00CD4579 /* RxMoya */; };
		7195ACE92BF8D69100CD4579 /* Arita4.0_M.otf in Resources */ = {isa = PBXBuildFile; fileRef = 7195ACE42BF8D69100CD4579 /* Arita4.0_M.otf */; };
		7195ACEA2BF8D69100CD4579 /* Arita4.0_B.otf in Resources */ = {isa = PBXBuildFile; fileRef = 7195ACE52BF8D69100CD4579 /* Arita4.0_B.otf */; };
		7195ACEB2BF8D69100CD4579 /* Arita4.0_SB.otf in Resources */ = {isa = PBXBuildFile; fileRef = 7195ACE62BF8D69100CD4579 /* Arita4.0_SB.otf */; };
		7195ACEC2BF8D69100CD4579 /* Arita4.0_L.otf in Resources */ = {isa = PBXBuildFile; fileRef = 7195ACE72BF8D69100CD4579 /* Arita4.0_L.otf */; };
		7195ACED2BF8D69100CD4579 /* Arita4.0_T.otf in Resources */ = {isa = PBXBuildFile; fileRef = 7195ACE82BF8D69100CD4579 /* Arita4.0_T.otf */; };
		7195ACF02BF9018700CD4579 /* CustomButton.swift in Sources */ = {isa = PBXBuildFile; fileRef = 7195ACEF2BF9018700CD4579 /* CustomButton.swift */; };
		71B5A3B82BF7DBD700D0E957 /* Config.swift in Sources */ = {isa = PBXBuildFile; fileRef = 71B5A3B72BF7DBD700D0E957 /* Config.swift */; };
		71EB61A02BF52B8D006E0707 /* UIView+.swift in Sources */ = {isa = PBXBuildFile; fileRef = 71EB619F2BF52B8D006E0707 /* UIView+.swift */; };
		71EB61A32BF52BE8006E0707 /* className.swift in Sources */ = {isa = PBXBuildFile; fileRef = 71EB61A22BF52BE8006E0707 /* className.swift */; };
		71EB61A52BF52E87006E0707 /* DTO.swift in Sources */ = {isa = PBXBuildFile; fileRef = 71EB61A42BF52E87006E0707 /* DTO.swift */; };
		71EB61A72BF52EBD006E0707 /* MoyaLoggingPlugin.swift in Sources */ = {isa = PBXBuildFile; fileRef = 71EB61A62BF52EBD006E0707 /* MoyaLoggingPlugin.swift */; };
/* End PBXBuildFile section */

/* Begin PBXFileReference section */
		0D58BE2A2BF8E40D008FE0BD /* NicknameViewController.swift */ = {isa = PBXFileReference; lastKnownFileType = sourcecode.swift; path = NicknameViewController.swift; sourceTree = "<group>"; };
		0D58BE2C2BF8EC23008FE0BD /* NumOfFriendsViewController.swift */ = {isa = PBXFileReference; lastKnownFileType = sourcecode.swift; path = NumOfFriendsViewController.swift; sourceTree = "<group>"; };
		36879A032BF8FDB100CDF610 /* CreateQuizViewController.swift */ = {isa = PBXFileReference; lastKnownFileType = sourcecode.swift; path = CreateQuizViewController.swift; sourceTree = "<group>"; };
		36879A062BF8FE2600CDF610 /* CustomPageIndexView.swift */ = {isa = PBXFileReference; lastKnownFileType = sourcecode.swift; path = CustomPageIndexView.swift; sourceTree = "<group>"; };
		36879A092BF8FEBE00CDF610 /* CustomPageIndexItem.swift */ = {isa = PBXFileReference; lastKnownFileType = sourcecode.swift; path = CustomPageIndexItem.swift; sourceTree = "<group>"; };
		36879A0B2BF9004B00CDF610 /* CreateQuizView.swift */ = {isa = PBXFileReference; lastKnownFileType = sourcecode.swift; path = CreateQuizView.swift; sourceTree = "<group>"; };
		36879A0D2BF9009B00CDF610 /* QuizNavigationView.swift */ = {isa = PBXFileReference; lastKnownFileType = sourcecode.swift; path = QuizNavigationView.swift; sourceTree = "<group>"; };
		36879A0F2BF900F200CDF610 /* QuizeNavigationProtocol.swift */ = {isa = PBXFileReference; lastKnownFileType = sourcecode.swift; path = QuizeNavigationProtocol.swift; sourceTree = "<group>"; };
		36879A122BF903AE00CDF610 /* CreateQuizCollectionViewCell.swift */ = {isa = PBXFileReference; lastKnownFileType = sourcecode.swift; path = CreateQuizCollectionViewCell.swift; sourceTree = "<group>"; };
		36879A162BF904F400CDF610 /* InputAnswerView.swift */ = {isa = PBXFileReference; lastKnownFileType = sourcecode.swift; path = InputAnswerView.swift; sourceTree = "<group>"; };
		36879A192BF907DD00CDF610 /* CreateQuizViewDataModel.swift */ = {isa = PBXFileReference; lastKnownFileType = sourcecode.swift; path = CreateQuizViewDataModel.swift; sourceTree = "<group>"; };
		36879A1B2BF9095300CDF610 /* InputQuestionView.swift */ = {isa = PBXFileReference; lastKnownFileType = sourcecode.swift; path = InputQuestionView.swift; sourceTree = "<group>"; };
		36879A1D2BF918D100CDF610 /* PaddingLabel.swift */ = {isa = PBXFileReference; lastKnownFileType = sourcecode.swift; path = PaddingLabel.swift; sourceTree = "<group>"; };
		712DF5612BF5160A00F0BCCB /* Sopkathon-iOS.app */ = {isa = PBXFileReference; explicitFileType = wrapper.application; includeInIndex = 0; path = "Sopkathon-iOS.app"; sourceTree = BUILT_PRODUCTS_DIR; };
		712DF5642BF5160A00F0BCCB /* AppDelegate.swift */ = {isa = PBXFileReference; lastKnownFileType = sourcecode.swift; path = AppDelegate.swift; sourceTree = "<group>"; };
		712DF5662BF5160A00F0BCCB /* SceneDelegate.swift */ = {isa = PBXFileReference; lastKnownFileType = sourcecode.swift; path = SceneDelegate.swift; sourceTree = "<group>"; };
		712DF5682BF5160A00F0BCCB /* ViewController.swift */ = {isa = PBXFileReference; lastKnownFileType = sourcecode.swift; path = ViewController.swift; sourceTree = "<group>"; };
		712DF56D2BF5160B00F0BCCB /* Assets.xcassets */ = {isa = PBXFileReference; lastKnownFileType = folder.assetcatalog; path = Assets.xcassets; sourceTree = "<group>"; };
		712DF5702BF5160B00F0BCCB /* Base */ = {isa = PBXFileReference; lastKnownFileType = file.storyboard; name = Base; path = Base.lproj/LaunchScreen.storyboard; sourceTree = "<group>"; };
		712DF5722BF5160B00F0BCCB /* Info.plist */ = {isa = PBXFileReference; lastKnownFileType = text.plist.xml; path = Info.plist; sourceTree = "<group>"; };
		712DF5832BF51E5800F0BCCB /* Pretendard-SemiBold.otf */ = {isa = PBXFileReference; lastKnownFileType = file; path = "Pretendard-SemiBold.otf"; sourceTree = "<group>"; };
		712DF5842BF51E5800F0BCCB /* Pretendard-Light.otf */ = {isa = PBXFileReference; lastKnownFileType = file; path = "Pretendard-Light.otf"; sourceTree = "<group>"; };
		712DF5852BF51E5800F0BCCB /* Pretendard-Bold.otf */ = {isa = PBXFileReference; lastKnownFileType = file; path = "Pretendard-Bold.otf"; sourceTree = "<group>"; };
		712DF5862BF51E5800F0BCCB /* Pretendard-ExtraBold.otf */ = {isa = PBXFileReference; lastKnownFileType = file; path = "Pretendard-ExtraBold.otf"; sourceTree = "<group>"; };
		712DF5872BF51E5800F0BCCB /* Pretendard-Regular.otf */ = {isa = PBXFileReference; lastKnownFileType = file; path = "Pretendard-Regular.otf"; sourceTree = "<group>"; };
		712DF5882BF51E5800F0BCCB /* Pretendard-Medium.otf */ = {isa = PBXFileReference; lastKnownFileType = file; path = "Pretendard-Medium.otf"; sourceTree = "<group>"; };
		712DF5902BF5225200F0BCCB /* FontLiterals.swift */ = {isa = PBXFileReference; lastKnownFileType = sourcecode.swift; path = FontLiterals.swift; sourceTree = "<group>"; };
		7195ACE42BF8D69100CD4579 /* Arita4.0_M.otf */ = {isa = PBXFileReference; lastKnownFileType = file; path = Arita4.0_M.otf; sourceTree = "<group>"; };
		7195ACE52BF8D69100CD4579 /* Arita4.0_B.otf */ = {isa = PBXFileReference; lastKnownFileType = file; path = Arita4.0_B.otf; sourceTree = "<group>"; };
		7195ACE62BF8D69100CD4579 /* Arita4.0_SB.otf */ = {isa = PBXFileReference; lastKnownFileType = file; path = Arita4.0_SB.otf; sourceTree = "<group>"; };
		7195ACE72BF8D69100CD4579 /* Arita4.0_L.otf */ = {isa = PBXFileReference; lastKnownFileType = file; path = Arita4.0_L.otf; sourceTree = "<group>"; };
		7195ACE82BF8D69100CD4579 /* Arita4.0_T.otf */ = {isa = PBXFileReference; lastKnownFileType = file; path = Arita4.0_T.otf; sourceTree = "<group>"; };
		7195ACEF2BF9018700CD4579 /* CustomButton.swift */ = {isa = PBXFileReference; lastKnownFileType = sourcecode.swift; path = CustomButton.swift; sourceTree = "<group>"; };
		71B5A3B72BF7DBD700D0E957 /* Config.swift */ = {isa = PBXFileReference; lastKnownFileType = sourcecode.swift; path = Config.swift; sourceTree = "<group>"; };
		71EB619F2BF52B8D006E0707 /* UIView+.swift */ = {isa = PBXFileReference; lastKnownFileType = sourcecode.swift; path = "UIView+.swift"; sourceTree = "<group>"; };
		71EB61A22BF52BE8006E0707 /* className.swift */ = {isa = PBXFileReference; lastKnownFileType = sourcecode.swift; path = className.swift; sourceTree = "<group>"; };
		71EB61A42BF52E87006E0707 /* DTO.swift */ = {isa = PBXFileReference; lastKnownFileType = sourcecode.swift; path = DTO.swift; sourceTree = "<group>"; };
		71EB61A62BF52EBD006E0707 /* MoyaLoggingPlugin.swift */ = {isa = PBXFileReference; lastKnownFileType = sourcecode.swift; path = MoyaLoggingPlugin.swift; sourceTree = "<group>"; };
/* End PBXFileReference section */

/* Begin PBXFrameworksBuildPhase section */
		712DF55E2BF5160A00F0BCCB /* Frameworks */ = {
			isa = PBXFrameworksBuildPhase;
			buildActionMask = 2147483647;
			files = (
				7195ACE12BF8D1DA00CD4579 /* ReactiveMoya in Frameworks */,
				7195ACD12BF8CFE500CD4579 /* SnapKit in Frameworks */,
				7195ACD72BF8D0FC00CD4579 /* Sopkathon-iOS-Extension in Frameworks */,
				7195ACDF2BF8D1DA00CD4579 /* Moya in Frameworks */,
				7195ACDD2BF8D1DA00CD4579 /* CombineMoya in Frameworks */,
				7195ACE32BF8D1DA00CD4579 /* RxMoya in Frameworks */,
				7195ACDA2BF8D1BB00CD4579 /* Then in Frameworks */,
			);
			runOnlyForDeploymentPostprocessing = 0;
		};
/* End PBXFrameworksBuildPhase section */

/* Begin PBXGroup section */
		0D58BE282BF8E3C3008FE0BD /* OnBoarding */ = {
			isa = PBXGroup;
			children = (
				0D58BE292BF8E3CB008FE0BD /* ViewControllers */,
			);
			path = OnBoarding;
			sourceTree = "<group>";
		};
		0D58BE292BF8E3CB008FE0BD /* ViewControllers */ = {
			isa = PBXGroup;
			children = (
				0D58BE2A2BF8E40D008FE0BD /* NicknameViewController.swift */,
				0D58BE2C2BF8EC23008FE0BD /* NumOfFriendsViewController.swift */,
			);
			path = ViewControllers;
			sourceTree = "<group>";
		};
		36879A022BF8FD7800CDF610 /* CreateQuiz */ = {
			isa = PBXGroup;
			children = (
				36879A032BF8FDB100CDF610 /* CreateQuizViewController.swift */,
				36879A182BF907D300CDF610 /* ViewData */,
				36879A142BF904D100CDF610 /* Components */,
				36879A112BF903A300CDF610 /* Cell */,
				36879A0B2BF9004B00CDF610 /* CreateQuizView.swift */,
			);
			path = CreateQuiz;
			sourceTree = "<group>";
		};
		36879A052BF8FDFC00CDF610 /* UIComponent */ = {
			isa = PBXGroup;
			children = (
				36879A152BF904DC00CDF610 /* NavigationView */,
				36879A082BF8FE9200CDF610 /* CustomPageIndexView */,
			);
			path = UIComponent;
			sourceTree = "<group>";
		};
		36879A082BF8FE9200CDF610 /* CustomPageIndexView */ = {
			isa = PBXGroup;
			children = (
				36879A062BF8FE2600CDF610 /* CustomPageIndexView.swift */,
				36879A092BF8FEBE00CDF610 /* CustomPageIndexItem.swift */,
			);
			path = CustomPageIndexView;
			sourceTree = "<group>";
		};
		36879A112BF903A300CDF610 /* Cell */ = {
			isa = PBXGroup;
			children = (
				36879A122BF903AE00CDF610 /* CreateQuizCollectionViewCell.swift */,
			);
			path = Cell;
			sourceTree = "<group>";
		};
		36879A142BF904D100CDF610 /* Components */ = {
			isa = PBXGroup;
			children = (
				36879A162BF904F400CDF610 /* InputAnswerView.swift */,
				36879A1B2BF9095300CDF610 /* InputQuestionView.swift */,
				36879A1D2BF918D100CDF610 /* PaddingLabel.swift */,
			);
			path = Components;
			sourceTree = "<group>";
		};
		36879A152BF904DC00CDF610 /* NavigationView */ = {
			isa = PBXGroup;
			children = (
				36879A0D2BF9009B00CDF610 /* QuizNavigationView.swift */,
				36879A0F2BF900F200CDF610 /* QuizeNavigationProtocol.swift */,
			);
			path = NavigationView;
			sourceTree = "<group>";
		};
		36879A182BF907D300CDF610 /* ViewData */ = {
			isa = PBXGroup;
			children = (
				36879A192BF907DD00CDF610 /* CreateQuizViewDataModel.swift */,
			);
			path = ViewData;
			sourceTree = "<group>";
		};
		712DF5582BF5160A00F0BCCB = {
			isa = PBXGroup;
			children = (
				712DF5632BF5160A00F0BCCB /* Sopkathon-iOS */,
				712DF5622BF5160A00F0BCCB /* Products */,
			);
			sourceTree = "<group>";
		};
		712DF5622BF5160A00F0BCCB /* Products */ = {
			isa = PBXGroup;
			children = (
				712DF5612BF5160A00F0BCCB /* Sopkathon-iOS.app */,
			);
			name = Products;
			sourceTree = "<group>";
		};
		712DF5632BF5160A00F0BCCB /* Sopkathon-iOS */ = {
			isa = PBXGroup;
			children = (
				712DF5782BF51CCD00F0BCCB /* Application */,
				712DF57D2BF51D0000F0BCCB /* Data */,
				712DF57C2BF51CFB00F0BCCB /* Global */,
				712DF57B2BF51CF500F0BCCB /* Network */,
				712DF57A2BF51CDD00F0BCCB /* Presentation */,
				712DF5722BF5160B00F0BCCB /* Info.plist */,
			);
			path = "Sopkathon-iOS";
			sourceTree = "<group>";
		};
		712DF5782BF51CCD00F0BCCB /* Application */ = {
			isa = PBXGroup;
			children = (
				712DF5642BF5160A00F0BCCB /* AppDelegate.swift */,
				712DF5662BF5160A00F0BCCB /* SceneDelegate.swift */,
				712DF56F2BF5160B00F0BCCB /* LaunchScreen.storyboard */,
			);
			path = Application;
			sourceTree = "<group>";
		};
		712DF57A2BF51CDD00F0BCCB /* Presentation */ = {
			isa = PBXGroup;
			children = (
				36879A022BF8FD7800CDF610 /* CreateQuiz */,
				0D58BE282BF8E3C3008FE0BD /* OnBoarding */,
				712DF5682BF5160A00F0BCCB /* ViewController.swift */,
				7195ACEF2BF9018700CD4579 /* CustomButton.swift */,
			);
			path = Presentation;
			sourceTree = "<group>";
		};
		712DF57B2BF51CF500F0BCCB /* Network */ = {
			isa = PBXGroup;
			children = (
				71B5A3B72BF7DBD700D0E957 /* Config.swift */,
				71EB61A62BF52EBD006E0707 /* MoyaLoggingPlugin.swift */,
			);
			path = Network;
			sourceTree = "<group>";
		};
		712DF57C2BF51CFB00F0BCCB /* Global */ = {
			isa = PBXGroup;
			children = (
				36879A052BF8FDFC00CDF610 /* UIComponent */,
				712DF57F2BF51D8A00F0BCCB /* Extension */,
				712DF58F2BF51EE000F0BCCB /* Literals */,
				712DF57E2BF51D4B00F0BCCB /* Resource */,
				71EB61A12BF52BC9006E0707 /* Utils */,
			);
			path = Global;
			sourceTree = "<group>";
		};
		712DF57D2BF51D0000F0BCCB /* Data */ = {
			isa = PBXGroup;
			children = (
				71EB61A42BF52E87006E0707 /* DTO.swift */,
			);
			path = Data;
			sourceTree = "<group>";
		};
		712DF57E2BF51D4B00F0BCCB /* Resource */ = {
			isa = PBXGroup;
			children = (
				712DF5822BF51E0B00F0BCCB /* Fonts */,
				712DF56D2BF5160B00F0BCCB /* Assets.xcassets */,
			);
			path = Resource;
			sourceTree = "<group>";
		};
		712DF57F2BF51D8A00F0BCCB /* Extension */ = {
			isa = PBXGroup;
			children = (
				71EB619F2BF52B8D006E0707 /* UIView+.swift */,
			);
			path = Extension;
			sourceTree = "<group>";
		};
		712DF5822BF51E0B00F0BCCB /* Fonts */ = {
			isa = PBXGroup;
			children = (
				712DF5852BF51E5800F0BCCB /* Pretendard-Bold.otf */,
				712DF5862BF51E5800F0BCCB /* Pretendard-ExtraBold.otf */,
				712DF5842BF51E5800F0BCCB /* Pretendard-Light.otf */,
				712DF5882BF51E5800F0BCCB /* Pretendard-Medium.otf */,
				712DF5872BF51E5800F0BCCB /* Pretendard-Regular.otf */,
				712DF5832BF51E5800F0BCCB /* Pretendard-SemiBold.otf */,
				7195ACE52BF8D69100CD4579 /* Arita4.0_B.otf */,
				7195ACE72BF8D69100CD4579 /* Arita4.0_L.otf */,
				7195ACE42BF8D69100CD4579 /* Arita4.0_M.otf */,
				7195ACE62BF8D69100CD4579 /* Arita4.0_SB.otf */,
				7195ACE82BF8D69100CD4579 /* Arita4.0_T.otf */,
			);
			path = Fonts;
			sourceTree = "<group>";
		};
		712DF58F2BF51EE000F0BCCB /* Literals */ = {
			isa = PBXGroup;
			children = (
				712DF5902BF5225200F0BCCB /* FontLiterals.swift */,
			);
			path = Literals;
			sourceTree = "<group>";
		};
		71EB61A12BF52BC9006E0707 /* Utils */ = {
			isa = PBXGroup;
			children = (
				71EB61A22BF52BE8006E0707 /* className.swift */,
			);
			path = Utils;
			sourceTree = "<group>";
		};
/* End PBXGroup section */

/* Begin PBXNativeTarget section */
		712DF5602BF5160A00F0BCCB /* Sopkathon-iOS */ = {
			isa = PBXNativeTarget;
			buildConfigurationList = 712DF5752BF5160B00F0BCCB /* Build configuration list for PBXNativeTarget "Sopkathon-iOS" */;
			buildPhases = (
				712DF55D2BF5160A00F0BCCB /* Sources */,
				712DF55E2BF5160A00F0BCCB /* Frameworks */,
				712DF55F2BF5160A00F0BCCB /* Resources */,
			);
			buildRules = (
			);
			dependencies = (
			);
			name = "Sopkathon-iOS";
			packageProductDependencies = (
				7195ACD02BF8CFE500CD4579 /* SnapKit */,
				7195ACD62BF8D0FC00CD4579 /* Sopkathon-iOS-Extension */,
				7195ACD92BF8D1BB00CD4579 /* Then */,
				7195ACDC2BF8D1DA00CD4579 /* CombineMoya */,
				7195ACDE2BF8D1DA00CD4579 /* Moya */,
				7195ACE02BF8D1DA00CD4579 /* ReactiveMoya */,
				7195ACE22BF8D1DA00CD4579 /* RxMoya */,
			);
			productName = "Sopkathon-iOS";
			productReference = 712DF5612BF5160A00F0BCCB /* Sopkathon-iOS.app */;
			productType = "com.apple.product-type.application";
		};
/* End PBXNativeTarget section */

/* Begin PBXProject section */
		712DF5592BF5160A00F0BCCB /* Project object */ = {
			isa = PBXProject;
			attributes = {
				BuildIndependentTargetsInParallel = 1;
				LastSwiftUpdateCheck = 1500;
				LastUpgradeCheck = 1500;
				TargetAttributes = {
					712DF5602BF5160A00F0BCCB = {
						CreatedOnToolsVersion = 15.0;
					};
				};
			};
			buildConfigurationList = 712DF55C2BF5160A00F0BCCB /* Build configuration list for PBXProject "Sopkathon-iOS" */;
			compatibilityVersion = "Xcode 14.0";
			developmentRegion = en;
			hasScannedForEncodings = 0;
			knownRegions = (
				en,
				Base,
			);
			mainGroup = 712DF5582BF5160A00F0BCCB;
			packageReferences = (
				7195ACCF2BF8CFE500CD4579 /* XCRemoteSwiftPackageReference "SnapKit" */,
				7195ACD52BF8D0FC00CD4579 /* XCRemoteSwiftPackageReference "Sopkathon-iOS-Extension" */,
				7195ACD82BF8D1BB00CD4579 /* XCRemoteSwiftPackageReference "Then" */,
				7195ACDB2BF8D1DA00CD4579 /* XCRemoteSwiftPackageReference "Moya" */,
			);
			productRefGroup = 712DF5622BF5160A00F0BCCB /* Products */;
			projectDirPath = "";
			projectRoot = "";
			targets = (
				712DF5602BF5160A00F0BCCB /* Sopkathon-iOS */,
			);
		};
/* End PBXProject section */

/* Begin PBXResourcesBuildPhase section */
		712DF55F2BF5160A00F0BCCB /* Resources */ = {
			isa = PBXResourcesBuildPhase;
			buildActionMask = 2147483647;
			files = (
				712DF5892BF51E5800F0BCCB /* Pretendard-SemiBold.otf in Resources */,
				7195ACEA2BF8D69100CD4579 /* Arita4.0_B.otf in Resources */,
				7195ACE92BF8D69100CD4579 /* Arita4.0_M.otf in Resources */,
				712DF58B2BF51E5800F0BCCB /* Pretendard-Bold.otf in Resources */,
				712DF58C2BF51E5800F0BCCB /* Pretendard-ExtraBold.otf in Resources */,
				712DF58E2BF51E5800F0BCCB /* Pretendard-Medium.otf in Resources */,
				7195ACEB2BF8D69100CD4579 /* Arita4.0_SB.otf in Resources */,
				712DF58A2BF51E5800F0BCCB /* Pretendard-Light.otf in Resources */,
				712DF58D2BF51E5800F0BCCB /* Pretendard-Regular.otf in Resources */,
				712DF5712BF5160B00F0BCCB /* LaunchScreen.storyboard in Resources */,
				712DF56E2BF5160B00F0BCCB /* Assets.xcassets in Resources */,
				7195ACEC2BF8D69100CD4579 /* Arita4.0_L.otf in Resources */,
				7195ACED2BF8D69100CD4579 /* Arita4.0_T.otf in Resources */,
			);
			runOnlyForDeploymentPostprocessing = 0;
		};
/* End PBXResourcesBuildPhase section */

/* Begin PBXSourcesBuildPhase section */
		712DF55D2BF5160A00F0BCCB /* Sources */ = {
			isa = PBXSourcesBuildPhase;
			buildActionMask = 2147483647;
			files = (
				36879A102BF900F200CDF610 /* QuizeNavigationProtocol.swift in Sources */,
				712DF5912BF5225200F0BCCB /* FontLiterals.swift in Sources */,
				712DF5692BF5160A00F0BCCB /* ViewController.swift in Sources */,
				36879A072BF8FE2600CDF610 /* CustomPageIndexView.swift in Sources */,
				36879A172BF904F400CDF610 /* InputAnswerView.swift in Sources */,
				71B5A3B82BF7DBD700D0E957 /* Config.swift in Sources */,
				36879A132BF903AE00CDF610 /* CreateQuizCollectionViewCell.swift in Sources */,
				36879A1A2BF907DD00CDF610 /* CreateQuizViewDataModel.swift in Sources */,
				36879A042BF8FDB100CDF610 /* CreateQuizViewController.swift in Sources */,
				36879A0E2BF9009B00CDF610 /* QuizNavigationView.swift in Sources */,
				712DF5652BF5160A00F0BCCB /* AppDelegate.swift in Sources */,
				7195ACF02BF9018700CD4579 /* CustomButton.swift in Sources */,
				712DF5672BF5160A00F0BCCB /* SceneDelegate.swift in Sources */,
				36879A1C2BF9095300CDF610 /* InputQuestionView.swift in Sources */,
				71EB61A02BF52B8D006E0707 /* UIView+.swift in Sources */,
				0D58BE2D2BF8EC23008FE0BD /* NumOfFriendsViewController.swift in Sources */,
				0D58BE2B2BF8E40D008FE0BD /* NicknameViewController.swift in Sources */,
				71EB61A32BF52BE8006E0707 /* className.swift in Sources */,
				36879A0C2BF9004B00CDF610 /* CreateQuizView.swift in Sources */,
				36879A1E2BF918D100CDF610 /* PaddingLabel.swift in Sources */,
				71EB61A72BF52EBD006E0707 /* MoyaLoggingPlugin.swift in Sources */,
				71EB61A52BF52E87006E0707 /* DTO.swift in Sources */,
				36879A0A2BF8FEBE00CDF610 /* CustomPageIndexItem.swift in Sources */,
			);
			runOnlyForDeploymentPostprocessing = 0;
		};
/* End PBXSourcesBuildPhase section */

/* Begin PBXVariantGroup section */
		712DF56F2BF5160B00F0BCCB /* LaunchScreen.storyboard */ = {
			isa = PBXVariantGroup;
			children = (
				712DF5702BF5160B00F0BCCB /* Base */,
			);
			name = LaunchScreen.storyboard;
			sourceTree = "<group>";
		};
/* End PBXVariantGroup section */

/* Begin XCBuildConfiguration section */
		712DF5732BF5160B00F0BCCB /* Debug */ = {
			isa = XCBuildConfiguration;
			buildSettings = {
				ALWAYS_SEARCH_USER_PATHS = NO;
				ASSETCATALOG_COMPILER_GENERATE_SWIFT_ASSET_SYMBOL_EXTENSIONS = YES;
				CLANG_ANALYZER_NONNULL = YES;
				CLANG_ANALYZER_NUMBER_OBJECT_CONVERSION = YES_AGGRESSIVE;
				CLANG_CXX_LANGUAGE_STANDARD = "gnu++20";
				CLANG_ENABLE_MODULES = YES;
				CLANG_ENABLE_OBJC_ARC = YES;
				CLANG_ENABLE_OBJC_WEAK = YES;
				CLANG_WARN_BLOCK_CAPTURE_AUTORELEASING = YES;
				CLANG_WARN_BOOL_CONVERSION = YES;
				CLANG_WARN_COMMA = YES;
				CLANG_WARN_CONSTANT_CONVERSION = YES;
				CLANG_WARN_DEPRECATED_OBJC_IMPLEMENTATIONS = YES;
				CLANG_WARN_DIRECT_OBJC_ISA_USAGE = YES_ERROR;
				CLANG_WARN_DOCUMENTATION_COMMENTS = YES;
				CLANG_WARN_EMPTY_BODY = YES;
				CLANG_WARN_ENUM_CONVERSION = YES;
				CLANG_WARN_INFINITE_RECURSION = YES;
				CLANG_WARN_INT_CONVERSION = YES;
				CLANG_WARN_NON_LITERAL_NULL_CONVERSION = YES;
				CLANG_WARN_OBJC_IMPLICIT_RETAIN_SELF = YES;
				CLANG_WARN_OBJC_LITERAL_CONVERSION = YES;
				CLANG_WARN_OBJC_ROOT_CLASS = YES_ERROR;
				CLANG_WARN_QUOTED_INCLUDE_IN_FRAMEWORK_HEADER = YES;
				CLANG_WARN_RANGE_LOOP_ANALYSIS = YES;
				CLANG_WARN_STRICT_PROTOTYPES = YES;
				CLANG_WARN_SUSPICIOUS_MOVE = YES;
				CLANG_WARN_UNGUARDED_AVAILABILITY = YES_AGGRESSIVE;
				CLANG_WARN_UNREACHABLE_CODE = YES;
				CLANG_WARN__DUPLICATE_METHOD_MATCH = YES;
				COPY_PHASE_STRIP = NO;
				DEBUG_INFORMATION_FORMAT = dwarf;
				ENABLE_STRICT_OBJC_MSGSEND = YES;
				ENABLE_TESTABILITY = YES;
				ENABLE_USER_SCRIPT_SANDBOXING = YES;
				GCC_C_LANGUAGE_STANDARD = gnu17;
				GCC_DYNAMIC_NO_PIC = NO;
				GCC_NO_COMMON_BLOCKS = YES;
				GCC_OPTIMIZATION_LEVEL = 0;
				GCC_PREPROCESSOR_DEFINITIONS = (
					"DEBUG=1",
					"$(inherited)",
				);
				GCC_WARN_64_TO_32_BIT_CONVERSION = YES;
				GCC_WARN_ABOUT_RETURN_TYPE = YES_ERROR;
				GCC_WARN_UNDECLARED_SELECTOR = YES;
				GCC_WARN_UNINITIALIZED_AUTOS = YES_AGGRESSIVE;
				GCC_WARN_UNUSED_FUNCTION = YES;
				GCC_WARN_UNUSED_VARIABLE = YES;
				IPHONEOS_DEPLOYMENT_TARGET = 17.0;
				LOCALIZATION_PREFERS_STRING_CATALOGS = YES;
				MTL_ENABLE_DEBUG_INFO = INCLUDE_SOURCE;
				MTL_FAST_MATH = YES;
				ONLY_ACTIVE_ARCH = YES;
				SDKROOT = iphoneos;
				SWIFT_ACTIVE_COMPILATION_CONDITIONS = "DEBUG $(inherited)";
				SWIFT_OPTIMIZATION_LEVEL = "-Onone";
			};
			name = Debug;
		};
		712DF5742BF5160B00F0BCCB /* Release */ = {
			isa = XCBuildConfiguration;
			buildSettings = {
				ALWAYS_SEARCH_USER_PATHS = NO;
				ASSETCATALOG_COMPILER_GENERATE_SWIFT_ASSET_SYMBOL_EXTENSIONS = YES;
				CLANG_ANALYZER_NONNULL = YES;
				CLANG_ANALYZER_NUMBER_OBJECT_CONVERSION = YES_AGGRESSIVE;
				CLANG_CXX_LANGUAGE_STANDARD = "gnu++20";
				CLANG_ENABLE_MODULES = YES;
				CLANG_ENABLE_OBJC_ARC = YES;
				CLANG_ENABLE_OBJC_WEAK = YES;
				CLANG_WARN_BLOCK_CAPTURE_AUTORELEASING = YES;
				CLANG_WARN_BOOL_CONVERSION = YES;
				CLANG_WARN_COMMA = YES;
				CLANG_WARN_CONSTANT_CONVERSION = YES;
				CLANG_WARN_DEPRECATED_OBJC_IMPLEMENTATIONS = YES;
				CLANG_WARN_DIRECT_OBJC_ISA_USAGE = YES_ERROR;
				CLANG_WARN_DOCUMENTATION_COMMENTS = YES;
				CLANG_WARN_EMPTY_BODY = YES;
				CLANG_WARN_ENUM_CONVERSION = YES;
				CLANG_WARN_INFINITE_RECURSION = YES;
				CLANG_WARN_INT_CONVERSION = YES;
				CLANG_WARN_NON_LITERAL_NULL_CONVERSION = YES;
				CLANG_WARN_OBJC_IMPLICIT_RETAIN_SELF = YES;
				CLANG_WARN_OBJC_LITERAL_CONVERSION = YES;
				CLANG_WARN_OBJC_ROOT_CLASS = YES_ERROR;
				CLANG_WARN_QUOTED_INCLUDE_IN_FRAMEWORK_HEADER = YES;
				CLANG_WARN_RANGE_LOOP_ANALYSIS = YES;
				CLANG_WARN_STRICT_PROTOTYPES = YES;
				CLANG_WARN_SUSPICIOUS_MOVE = YES;
				CLANG_WARN_UNGUARDED_AVAILABILITY = YES_AGGRESSIVE;
				CLANG_WARN_UNREACHABLE_CODE = YES;
				CLANG_WARN__DUPLICATE_METHOD_MATCH = YES;
				COPY_PHASE_STRIP = NO;
				DEBUG_INFORMATION_FORMAT = "dwarf-with-dsym";
				ENABLE_NS_ASSERTIONS = NO;
				ENABLE_STRICT_OBJC_MSGSEND = YES;
				ENABLE_USER_SCRIPT_SANDBOXING = YES;
				GCC_C_LANGUAGE_STANDARD = gnu17;
				GCC_NO_COMMON_BLOCKS = YES;
				GCC_WARN_64_TO_32_BIT_CONVERSION = YES;
				GCC_WARN_ABOUT_RETURN_TYPE = YES_ERROR;
				GCC_WARN_UNDECLARED_SELECTOR = YES;
				GCC_WARN_UNINITIALIZED_AUTOS = YES_AGGRESSIVE;
				GCC_WARN_UNUSED_FUNCTION = YES;
				GCC_WARN_UNUSED_VARIABLE = YES;
				IPHONEOS_DEPLOYMENT_TARGET = 17.0;
				LOCALIZATION_PREFERS_STRING_CATALOGS = YES;
				MTL_ENABLE_DEBUG_INFO = NO;
				MTL_FAST_MATH = YES;
				SDKROOT = iphoneos;
				SWIFT_COMPILATION_MODE = wholemodule;
				VALIDATE_PRODUCT = YES;
			};
			name = Release;
		};
		712DF5762BF5160B00F0BCCB /* Debug */ = {
			isa = XCBuildConfiguration;
			buildSettings = {
				ASSETCATALOG_COMPILER_APPICON_NAME = AppIcon;
				ASSETCATALOG_COMPILER_GLOBAL_ACCENT_COLOR_NAME = AccentColor;
				BASE_URL = "";
				CODE_SIGN_STYLE = Automatic;
				CURRENT_PROJECT_VERSION = 1;
				DEVELOPMENT_TEAM = U24ZACT97M;
				GENERATE_INFOPLIST_FILE = YES;
				INFOPLIST_FILE = "Sopkathon-iOS/Info.plist";
				INFOPLIST_KEY_UIApplicationSupportsIndirectInputEvents = YES;
				INFOPLIST_KEY_UILaunchStoryboardName = LaunchScreen;
				INFOPLIST_KEY_UISupportedInterfaceOrientations_iPad = "UIInterfaceOrientationPortrait UIInterfaceOrientationPortraitUpsideDown UIInterfaceOrientationLandscapeLeft UIInterfaceOrientationLandscapeRight";
				INFOPLIST_KEY_UISupportedInterfaceOrientations_iPhone = "UIInterfaceOrientationPortrait UIInterfaceOrientationLandscapeLeft UIInterfaceOrientationLandscapeRight";
				IPHONEOS_DEPLOYMENT_TARGET = 16.0;
				LD_RUNPATH_SEARCH_PATHS = (
					"$(inherited)",
					"@executable_path/Frameworks",
				);
				MARKETING_VERSION = 1.0;
				PRODUCT_BUNDLE_IDENTIFIER = "th1ngjin.Sopkathon-iOS";
				PRODUCT_NAME = "$(TARGET_NAME)";
				SWIFT_EMIT_LOC_STRINGS = YES;
				SWIFT_VERSION = 5.0;
				TARGETED_DEVICE_FAMILY = "1,2";
			};
			name = Debug;
		};
		712DF5772BF5160B00F0BCCB /* Release */ = {
			isa = XCBuildConfiguration;
			buildSettings = {
				ASSETCATALOG_COMPILER_APPICON_NAME = AppIcon;
				ASSETCATALOG_COMPILER_GLOBAL_ACCENT_COLOR_NAME = AccentColor;
				BASE_URL = "";
				CODE_SIGN_STYLE = Automatic;
				CURRENT_PROJECT_VERSION = 1;
				DEVELOPMENT_TEAM = U24ZACT97M;
				GENERATE_INFOPLIST_FILE = YES;
				INFOPLIST_FILE = "Sopkathon-iOS/Info.plist";
				INFOPLIST_KEY_UIApplicationSupportsIndirectInputEvents = YES;
				INFOPLIST_KEY_UILaunchStoryboardName = LaunchScreen;
				INFOPLIST_KEY_UISupportedInterfaceOrientations_iPad = "UIInterfaceOrientationPortrait UIInterfaceOrientationPortraitUpsideDown UIInterfaceOrientationLandscapeLeft UIInterfaceOrientationLandscapeRight";
				INFOPLIST_KEY_UISupportedInterfaceOrientations_iPhone = "UIInterfaceOrientationPortrait UIInterfaceOrientationLandscapeLeft UIInterfaceOrientationLandscapeRight";
				IPHONEOS_DEPLOYMENT_TARGET = 16.0;
				LD_RUNPATH_SEARCH_PATHS = (
					"$(inherited)",
					"@executable_path/Frameworks",
				);
				MARKETING_VERSION = 1.0;
				PRODUCT_BUNDLE_IDENTIFIER = "th1ngjin.Sopkathon-iOS";
				PRODUCT_NAME = "$(TARGET_NAME)";
				SWIFT_EMIT_LOC_STRINGS = YES;
				SWIFT_VERSION = 5.0;
				TARGETED_DEVICE_FAMILY = "1,2";
			};
			name = Release;
		};
/* End XCBuildConfiguration section */

/* Begin XCConfigurationList section */
		712DF55C2BF5160A00F0BCCB /* Build configuration list for PBXProject "Sopkathon-iOS" */ = {
			isa = XCConfigurationList;
			buildConfigurations = (
				712DF5732BF5160B00F0BCCB /* Debug */,
				712DF5742BF5160B00F0BCCB /* Release */,
			);
			defaultConfigurationIsVisible = 0;
			defaultConfigurationName = Release;
		};
		712DF5752BF5160B00F0BCCB /* Build configuration list for PBXNativeTarget "Sopkathon-iOS" */ = {
			isa = XCConfigurationList;
			buildConfigurations = (
				712DF5762BF5160B00F0BCCB /* Debug */,
				712DF5772BF5160B00F0BCCB /* Release */,
			);
			defaultConfigurationIsVisible = 0;
			defaultConfigurationName = Release;
		};
/* End XCConfigurationList section */

/* Begin XCRemoteSwiftPackageReference section */
		7195ACCF2BF8CFE500CD4579 /* XCRemoteSwiftPackageReference "SnapKit" */ = {
			isa = XCRemoteSwiftPackageReference;
			repositoryURL = "https://github.com/SnapKit/SnapKit.git";
			requirement = {
				kind = upToNextMajorVersion;
				minimumVersion = 5.7.1;
			};
		};
		7195ACD52BF8D0FC00CD4579 /* XCRemoteSwiftPackageReference "Sopkathon-iOS-Extension" */ = {
			isa = XCRemoteSwiftPackageReference;
			repositoryURL = "https://github.com/SOPKATHON-iOS-TEAM3/Sopkathon-iOS-Extension";
			requirement = {
				kind = upToNextMajorVersion;
				minimumVersion = 1.0.0;
			};
		};
		7195ACD82BF8D1BB00CD4579 /* XCRemoteSwiftPackageReference "Then" */ = {
			isa = XCRemoteSwiftPackageReference;
			repositoryURL = "https://github.com/devxoul/Then";
			requirement = {
				kind = upToNextMajorVersion;
				minimumVersion = 3.0.0;
			};
		};
		7195ACDB2BF8D1DA00CD4579 /* XCRemoteSwiftPackageReference "Moya" */ = {
			isa = XCRemoteSwiftPackageReference;
			repositoryURL = "https://github.com/Moya/Moya";
			requirement = {
				kind = upToNextMajorVersion;
				minimumVersion = 15.0.3;
			};
		};
/* End XCRemoteSwiftPackageReference section */

/* Begin XCSwiftPackageProductDependency section */
		7195ACD02BF8CFE500CD4579 /* SnapKit */ = {
			isa = XCSwiftPackageProductDependency;
			package = 7195ACCF2BF8CFE500CD4579 /* XCRemoteSwiftPackageReference "SnapKit" */;
			productName = SnapKit;
		};
		7195ACD62BF8D0FC00CD4579 /* Sopkathon-iOS-Extension */ = {
			isa = XCSwiftPackageProductDependency;
			package = 7195ACD52BF8D0FC00CD4579 /* XCRemoteSwiftPackageReference "Sopkathon-iOS-Extension" */;
			productName = "Sopkathon-iOS-Extension";
		};
		7195ACD92BF8D1BB00CD4579 /* Then */ = {
			isa = XCSwiftPackageProductDependency;
			package = 7195ACD82BF8D1BB00CD4579 /* XCRemoteSwiftPackageReference "Then" */;
			productName = Then;
		};
		7195ACDC2BF8D1DA00CD4579 /* CombineMoya */ = {
			isa = XCSwiftPackageProductDependency;
			package = 7195ACDB2BF8D1DA00CD4579 /* XCRemoteSwiftPackageReference "Moya" */;
			productName = CombineMoya;
		};
		7195ACDE2BF8D1DA00CD4579 /* Moya */ = {
			isa = XCSwiftPackageProductDependency;
			package = 7195ACDB2BF8D1DA00CD4579 /* XCRemoteSwiftPackageReference "Moya" */;
			productName = Moya;
		};
		7195ACE02BF8D1DA00CD4579 /* ReactiveMoya */ = {
			isa = XCSwiftPackageProductDependency;
			package = 7195ACDB2BF8D1DA00CD4579 /* XCRemoteSwiftPackageReference "Moya" */;
			productName = ReactiveMoya;
		};
		7195ACE22BF8D1DA00CD4579 /* RxMoya */ = {
			isa = XCSwiftPackageProductDependency;
			package = 7195ACDB2BF8D1DA00CD4579 /* XCRemoteSwiftPackageReference "Moya" */;
			productName = RxMoya;
		};
/* End XCSwiftPackageProductDependency section */
	};
	rootObject = 712DF5592BF5160A00F0BCCB /* Project object */;
}
